
Microsoft Visual Studio Solution File, Format Version 12.00
# Visual Studio Version 17
VisualStudioVersion = 17.5.33627.172
MinimumVisualStudioVersion = 10.0.40219.1
Project("{9A19103F-16F7-4668-BE54-9A1E7A4F7556}") = "Tracker.api", "Tracker.api\Tracker.api.csproj", "{333799B9-C945-4711-8EC2-FEDF2A1FF31E}"
	ProjectSection(ProjectDependencies) = postProject
		{1CD1F76F-6083-4E6C-BE2A-D1A783661B74} = {1CD1F76F-6083-4E6C-BE2A-D1A783661B74}
		{28AF6103-6B36-4FA2-BC83-8C7A945E72EF} = {28AF6103-6B36-4FA2-BC83-8C7A945E72EF}
		{8957F094-9FE1-4DE2-93C4-2D89E3E2064D} = {8957F094-9FE1-4DE2-93C4-2D89E3E2064D}
		{94A8DFA5-A369-4B20-8090-D50FF3010C2A} = {94A8DFA5-A369-4B20-8090-D50FF3010C2A}
	EndProjectSection
EndProject
Project("{2150E333-8FDC-42A3-9474-1A3956D46DE8}") = "src", "src", "{5A9CC2AD-E525-4CA6-A793-43EA34E15DB3}"
EndProject
Project("{2150E333-8FDC-42A3-9474-1A3956D46DE8}") = "API", "API", "{4F4ACF00-6E6A-4530-89F7-895949948D69}"
EndProject
Project("{2150E333-8FDC-42A3-9474-1A3956D46DE8}") = "core", "core", "{701565AC-28E8-4D64-BBC1-AE260157BF73}"
EndProject
Project("{2150E333-8FDC-42A3-9474-1A3956D46DE8}") = "infrastructure", "infrastructure", "{FC68307F-1CBF-4A9B-863E-5963E7746700}"
EndProject
Project("{2150E333-8FDC-42A3-9474-1A3956D46DE8}") = "UI", "UI", "{64330B66-578C-44BF-BE46-ECB28D1E9EFE}"
EndProject
Project("{9A19103F-16F7-4668-BE54-9A1E7A4F7556}") = "Tracker.application", "..\src\Tracker.application\Tracker.application.csproj", "{28AF6103-6B36-4FA2-BC83-8C7A945E72EF}"
	ProjectSection(ProjectDependencies) = postProject
		{94A8DFA5-A369-4B20-8090-D50FF3010C2A} = {94A8DFA5-A369-4B20-8090-D50FF3010C2A}
	EndProjectSection
EndProject
Project("{9A19103F-16F7-4668-BE54-9A1E7A4F7556}") = "Tracker.domain", "Tracker.domain\Tracker.domain.csproj", "{94A8DFA5-A369-4B20-8090-D50FF3010C2A}"
EndProject
Project("{9A19103F-16F7-4668-BE54-9A1E7A4F7556}") = "Tracker.infrastructure", "Tracker.infrastructure\Tracker.infrastructure.csproj", "{1CD1F76F-6083-4E6C-BE2A-D1A783661B74}"
	ProjectSection(ProjectDependencies) = postProject
		{28AF6103-6B36-4FA2-BC83-8C7A945E72EF} = {28AF6103-6B36-4FA2-BC83-8C7A945E72EF}
	EndProjectSection
EndProject
Project("{9A19103F-16F7-4668-BE54-9A1E7A4F7556}") = "Tracker.persistence", "Tracker.persistence\Tracker.persistence.csproj", "{8957F094-9FE1-4DE2-93C4-2D89E3E2064D}"
	ProjectSection(ProjectDependencies) = postProject
		{28AF6103-6B36-4FA2-BC83-8C7A945E72EF} = {28AF6103-6B36-4FA2-BC83-8C7A945E72EF}
		{94A8DFA5-A369-4B20-8090-D50FF3010C2A} = {94A8DFA5-A369-4B20-8090-D50FF3010C2A}
	EndProjectSection
EndProject
Project("{9A19103F-16F7-4668-BE54-9A1E7A4F7556}") = "Tracker.app", "Tracker.app\Tracker.app.csproj", "{71C5BD3E-E79F-4CBD-AD9B-F50691751D40}"
	ProjectSection(ProjectDependencies) = postProject
		{1CD1F76F-6083-4E6C-BE2A-D1A783661B74} = {1CD1F76F-6083-4E6C-BE2A-D1A783661B74}
		{28AF6103-6B36-4FA2-BC83-8C7A945E72EF} = {28AF6103-6B36-4FA2-BC83-8C7A945E72EF}
		{8957F094-9FE1-4DE2-93C4-2D89E3E2064D} = {8957F094-9FE1-4DE2-93C4-2D89E3E2064D}
		{94A8DFA5-A369-4B20-8090-D50FF3010C2A} = {94A8DFA5-A369-4B20-8090-D50FF3010C2A}
	EndProjectSection
EndProject
Project("{2150E333-8FDC-42A3-9474-1A3956D46DE8}") = "presentation", "presentation", "{8BAE9BAC-E3BC-421E-A3F2-519A818A7C6C}"
EndProject
Project("{9A19103F-16F7-4668-BE54-9A1E7A4F7556}") = "Tracker.UI.App", "Tracker.UI.App\Tracker.UI.App.csproj", "{8F114D93-875C-4EE2-9B0C-99A2F10823D2}"
EndProject
Global
	GlobalSection(SolutionConfigurationPlatforms) = preSolution
		Debug|Any CPU = Debug|Any CPU
		Release|Any CPU = Release|Any CPU
	EndGlobalSection
	GlobalSection(ProjectConfigurationPlatforms) = postSolution
		{333799B9-C945-4711-8EC2-FEDF2A1FF31E}.Debug|Any CPU.ActiveCfg = Debug|Any CPU
		{333799B9-C945-4711-8EC2-FEDF2A1FF31E}.Debug|Any CPU.Build.0 = Debug|Any CPU
		{333799B9-C945-4711-8EC2-FEDF2A1FF31E}.Release|Any CPU.ActiveCfg = Release|Any CPU
		{333799B9-C945-4711-8EC2-FEDF2A1FF31E}.Release|Any CPU.Build.0 = Release|Any CPU
		{28AF6103-6B36-4FA2-BC83-8C7A945E72EF}.Debug|Any CPU.ActiveCfg = Debug|Any CPU
		{28AF6103-6B36-4FA2-BC83-8C7A945E72EF}.Debug|Any CPU.Build.0 = Debug|Any CPU
		{28AF6103-6B36-4FA2-BC83-8C7A945E72EF}.Release|Any CPU.ActiveCfg = Release|Any CPU
		{28AF6103-6B36-4FA2-BC83-8C7A945E72EF}.Release|Any CPU.Build.0 = Release|Any CPU
		{94A8DFA5-A369-4B20-8090-D50FF3010C2A}.Debug|Any CPU.ActiveCfg = Debug|Any CPU
		{94A8DFA5-A369-4B20-8090-D50FF3010C2A}.Debug|Any CPU.Build.0 = Debug|Any CPU
		{94A8DFA5-A369-4B20-8090-D50FF3010C2A}.Release|Any CPU.ActiveCfg = Release|Any CPU
		{94A8DFA5-A369-4B20-8090-D50FF3010C2A}.Release|Any CPU.Build.0 = Release|Any CPU
		{1CD1F76F-6083-4E6C-BE2A-D1A783661B74}.Debug|Any CPU.ActiveCfg = Debug|Any CPU
		{1CD1F76F-6083-4E6C-BE2A-D1A783661B74}.Debug|Any CPU.Build.0 = Debug|Any CPU
		{1CD1F76F-6083-4E6C-BE2A-D1A783661B74}.Release|Any CPU.ActiveCfg = Release|Any CPU
		{1CD1F76F-6083-4E6C-BE2A-D1A783661B74}.Release|Any CPU.Build.0 = Release|Any CPU
		{8957F094-9FE1-4DE2-93C4-2D89E3E2064D}.Debug|Any CPU.ActiveCfg = Debug|Any CPU
		{8957F094-9FE1-4DE2-93C4-2D89E3E2064D}.Debug|Any CPU.Build.0 = Debug|Any CPU
		{8957F094-9FE1-4DE2-93C4-2D89E3E2064D}.Release|Any CPU.ActiveCfg = Release|Any CPU
		{8957F094-9FE1-4DE2-93C4-2D89E3E2064D}.Release|Any CPU.Build.0 = Release|Any CPU
		{71C5BD3E-E79F-4CBD-AD9B-F50691751D40}.Debug|Any CPU.ActiveCfg = Debug|Any CPU
		{71C5BD3E-E79F-4CBD-AD9B-F50691751D40}.Debug|Any CPU.Build.0 = Debug|Any CPU
		{71C5BD3E-E79F-4CBD-AD9B-F50691751D40}.Release|Any CPU.ActiveCfg = Release|Any CPU
		{71C5BD3E-E79F-4CBD-AD9B-F50691751D40}.Release|Any CPU.Build.0 = Release|Any CPU
		{8F114D93-875C-4EE2-9B0C-99A2F10823D2}.Debug|Any CPU.ActiveCfg = Debug|Any CPU
		{8F114D93-875C-4EE2-9B0C-99A2F10823D2}.Debug|Any CPU.Build.0 = Debug|Any CPU
		{8F114D93-875C-4EE2-9B0C-99A2F10823D2}.Release|Any CPU.ActiveCfg = Release|Any CPU
		{8F114D93-875C-4EE2-9B0C-99A2F10823D2}.Release|Any CPU.Build.0 = Release|Any CPU
	EndGlobalSection
	GlobalSection(SolutionProperties) = preSolution
		HideSolutionNode = FALSE
	EndGlobalSection
	GlobalSection(NestedProjects) = preSolution
		{333799B9-C945-4711-8EC2-FEDF2A1FF31E} = {4F4ACF00-6E6A-4530-89F7-895949948D69}
		{4F4ACF00-6E6A-4530-89F7-895949948D69} = {5A9CC2AD-E525-4CA6-A793-43EA34E15DB3}
		{701565AC-28E8-4D64-BBC1-AE260157BF73} = {5A9CC2AD-E525-4CA6-A793-43EA34E15DB3}
		{FC68307F-1CBF-4A9B-863E-5963E7746700} = {5A9CC2AD-E525-4CA6-A793-43EA34E15DB3}
		{64330B66-578C-44BF-BE46-ECB28D1E9EFE} = {5A9CC2AD-E525-4CA6-A793-43EA34E15DB3}
		{28AF6103-6B36-4FA2-BC83-8C7A945E72EF} = {701565AC-28E8-4D64-BBC1-AE260157BF73}
		{94A8DFA5-A369-4B20-8090-D50FF3010C2A} = {701565AC-28E8-4D64-BBC1-AE260157BF73}
		{1CD1F76F-6083-4E6C-BE2A-D1A783661B74} = {FC68307F-1CBF-4A9B-863E-5963E7746700}
		{8957F094-9FE1-4DE2-93C4-2D89E3E2064D} = {FC68307F-1CBF-4A9B-863E-5963E7746700}
		{71C5BD3E-E79F-4CBD-AD9B-F50691751D40} = {64330B66-578C-44BF-BE46-ECB28D1E9EFE}
		{8BAE9BAC-E3BC-421E-A3F2-519A818A7C6C} = {5A9CC2AD-E525-4CA6-A793-43EA34E15DB3}
		{8F114D93-875C-4EE2-9B0C-99A2F10823D2} = {8BAE9BAC-E3BC-421E-A3F2-519A818A7C6C}
	EndGlobalSection
	GlobalSection(ExtensibilityGlobals) = postSolution
		SolutionGuid = {0407EF76-3F13-4BB8-BCCA-C9D60C686B0B}
	EndGlobalSection
EndGlobal
