Microsoft Visual Studio Solution File, Format Version 12.00
# Visual Studio Version 17
VisualStudioVersion = 17.0.31611.283
MinimumVisualStudioVersion = 10.0.40219.1
Project("{9A19103F-16F7-4668-BE54-9A1E7A4F7556}") = "TrackerWeb", "TrackerWeb\TrackerWeb.csproj", "{E350D699-6A48-4577-BD5D-82E646FA51F2}"
EndProject
Project("{9A19103F-16F7-4668-BE54-9A1E7A4F7556}") = "TrackerAPI", "TrackerAPI\TrackerAPI.csproj", "{2238FF44-C07A-4FE3-9AE6-08BCFDE5517A}"
EndProject
Project("{9A19103F-16F7-4668-BE54-9A1E7A4F7556}") = "TrackerMobile", "TrackerMobile\TrackerMobile.csproj", "{3716EFEC-E8BD-4627-B4B6-70CE6227BCAA}"
EndProject
Global
	GlobalSection(SolutionConfigurationPlatforms) = preSolution
		Debug|Any CPU = Debug|Any CPU
		Release|Any CPU = Release|Any CPU
	EndGlobalSection
	GlobalSection(ProjectConfigurationPlatforms) = postSolution
		{E350D699-6A48-4577-BD5D-82E646FA51F2}.Debug|Any CPU.ActiveCfg = Debug|Any CPU
		{E350D699-6A48-4577-BD5D-82E646FA51F2}.Debug|Any CPU.Build.0 = Debug|Any CPU
		{E350D699-6A48-4577-BD5D-82E646FA51F2}.Release|Any CPU.ActiveCfg = Release|Any CPU
		{E350D699-6A48-4577-BD5D-82E646FA51F2}.Release|Any CPU.Build.0 = Release|Any CPU
		{2238FF44-C07A-4FE3-9AE6-08BCFDE5517A}.Debug|Any CPU.ActiveCfg = Debug|Any CPU
		{2238FF44-C07A-4FE3-9AE6-08BCFDE5517A}.Debug|Any CPU.Build.0 = Debug|Any CPU
		{2238FF44-C07A-4FE3-9AE6-08BCFDE5517A}.Release|Any CPU.ActiveCfg = Release|Any CPU
		{2238FF44-C07A-4FE3-9AE6-08BCFDE5517A}.Release|Any CPU.Build.0 = Release|Any CPU
		{3716EFEC-E8BD-4627-B4B6-70CE6227BCAA}.Debug|Any CPU.ActiveCfg = Debug|Any CPU
		{3716EFEC-E8BD-4627-B4B6-70CE6227BCAA}.Debug|Any CPU.Build.0 = Debug|Any CPU
		{3716EFEC-E8BD-4627-B4B6-70CE6227BCAA}.Debug|Any CPU.Deploy.0 = Debug|Any CPU
		{3716EFEC-E8BD-4627-B4B6-70CE6227BCAA}.Release|Any CPU.ActiveCfg = Release|Any CPU
		{3716EFEC-E8BD-4627-B4B6-70CE6227BCAA}.Release|Any CPU.Build.0 = Release|Any CPU
		{3716EFEC-E8BD-4627-B4B6-70CE6227BCAA}.Release|Any CPU.Deploy.0 = Release|Any CPU
	EndGlobalSection
	GlobalSection(SolutionProperties) = preSolution
		HideSolutionNode = FALSE
	EndGlobalSection
	GlobalSection(ExtensibilityGlobals) = postSolution
		SolutionGuid = {61F7FB11-1E47-470C-91E2-47F8143E1572}
	EndGlobalSection
EndGlobal
